
Microsoft Visual Studio Solution File, Format Version 12.00
# Visual Studio Version 17
VisualStudioVersion = 17.7.34024.191
MinimumVisualStudioVersion = 10.0.40219.1
Project("{FAE04EC0-301F-11D3-BF4B-00C04F79EFBC}") = "TeachGitHub", "TeachGitHub\TeachGitHub.csproj", "{6339F291-8BEF-46A1-9102-232B6F7FDF62}"
EndProject
Global
	GlobalSection(SolutionConfigurationPlatforms) = preSolution
		Debug|Any CPU = Debug|Any CPU
		Release|Any CPU = Release|Any CPU
	EndGlobalSection
	GlobalSection(ProjectConfigurationPlatforms) = postSolution
		{6339F291-8BEF-46A1-9102-232B6F7FDF62}.Debug|Any CPU.ActiveCfg = Debug|Any CPU
		{6339F291-8BEF-46A1-9102-232B6F7FDF62}.Debug|Any CPU.Build.0 = Debug|Any CPU
		{6339F291-8BEF-46A1-9102-232B6F7FDF62}.Release|Any CPU.ActiveCfg = Release|Any CPU
		{6339F291-8BEF-46A1-9102-232B6F7FDF62}.Release|Any CPU.Build.0 = Release|Any CPU
	EndGlobalSection
	GlobalSection(SolutionProperties) = preSolution
		HideSolutionNode = FALSE
	EndGlobalSection
	GlobalSection(ExtensibilityGlobals) = postSolution
		SolutionGuid = {268D8C4D-B045-4230-B2C6-31C40D685BD1}
	EndGlobalSection
EndGlobal
